
Microsoft Visual Studio Solution File, Format Version 12.00
# Visual Studio Version 17
VisualStudioVersion = 17.0.31912.275
MinimumVisualStudioVersion = 10.0.40219.1
Project("{FAE04EC0-301F-11D3-BF4B-00C04F79EFBC}") = "InterSMeet.ApiRest", "InterSMeet.ApiRest.csproj", "{8E49949E-F8E2-4AC8-BFC1-CAA7CFE1AF89}"
EndProject
Project("{2150E333-8FDC-42A3-9474-1A3956D46DE8}") = "src", "src", "{2FA981F5-2A0E-42F4-8339-1C682BD92B6C}"
EndProject
Project("{2150E333-8FDC-42A3-9474-1A3956D46DE8}") = "test", "test", "{2E9B9753-AEB4-4F0C-A7D7-61E7886EFA1F}"
EndProject
Project("{FAE04EC0-301F-11D3-BF4B-00C04F79EFBC}") = "InterSMeet.Core", "..\InterSMeet.Core\InterSMeet.Core.csproj", "{70F9DBF9-6613-46DE-8852-C78C8DED7317}"
EndProject
Project("{FAE04EC0-301F-11D3-BF4B-00C04F79EFBC}") = "InterSMeet.BLL", "..\InterSMeet.BL\InterSMeet.BLL.csproj", "{421CC0D8-284B-4D59-8DAD-DC476CE270EA}"
EndProject
Project("{FAE04EC0-301F-11D3-BF4B-00C04F79EFBC}") = "InterSMeet.DAL", "..\InterSMeet.DAL\InterSMeet.DAL.csproj", "{5F33D3C9-A0B0-4C0A-87CB-B3350D7A8F06}"
EndProject
Global
	GlobalSection(SolutionConfigurationPlatforms) = preSolution
		Debug|Any CPU = Debug|Any CPU
		Release|Any CPU = Release|Any CPU
	EndGlobalSection
	GlobalSection(ProjectConfigurationPlatforms) = postSolution
		{8E49949E-F8E2-4AC8-BFC1-CAA7CFE1AF89}.Debug|Any CPU.ActiveCfg = Debug|Any CPU
		{8E49949E-F8E2-4AC8-BFC1-CAA7CFE1AF89}.Debug|Any CPU.Build.0 = Debug|Any CPU
		{8E49949E-F8E2-4AC8-BFC1-CAA7CFE1AF89}.Release|Any CPU.ActiveCfg = Release|Any CPU
		{8E49949E-F8E2-4AC8-BFC1-CAA7CFE1AF89}.Release|Any CPU.Build.0 = Release|Any CPU
		{70F9DBF9-6613-46DE-8852-C78C8DED7317}.Debug|Any CPU.ActiveCfg = Debug|Any CPU
		{70F9DBF9-6613-46DE-8852-C78C8DED7317}.Debug|Any CPU.Build.0 = Debug|Any CPU
		{70F9DBF9-6613-46DE-8852-C78C8DED7317}.Release|Any CPU.ActiveCfg = Release|Any CPU
		{70F9DBF9-6613-46DE-8852-C78C8DED7317}.Release|Any CPU.Build.0 = Release|Any CPU
		{421CC0D8-284B-4D59-8DAD-DC476CE270EA}.Debug|Any CPU.ActiveCfg = Debug|Any CPU
		{421CC0D8-284B-4D59-8DAD-DC476CE270EA}.Debug|Any CPU.Build.0 = Debug|Any CPU
		{421CC0D8-284B-4D59-8DAD-DC476CE270EA}.Release|Any CPU.ActiveCfg = Release|Any CPU
		{421CC0D8-284B-4D59-8DAD-DC476CE270EA}.Release|Any CPU.Build.0 = Release|Any CPU
		{5F33D3C9-A0B0-4C0A-87CB-B3350D7A8F06}.Debug|Any CPU.ActiveCfg = Debug|Any CPU
		{5F33D3C9-A0B0-4C0A-87CB-B3350D7A8F06}.Debug|Any CPU.Build.0 = Debug|Any CPU
		{5F33D3C9-A0B0-4C0A-87CB-B3350D7A8F06}.Release|Any CPU.ActiveCfg = Release|Any CPU
		{5F33D3C9-A0B0-4C0A-87CB-B3350D7A8F06}.Release|Any CPU.Build.0 = Release|Any CPU
	EndGlobalSection
	GlobalSection(SolutionProperties) = preSolution
		HideSolutionNode = FALSE
	EndGlobalSection
	GlobalSection(NestedProjects) = preSolution
		{8E49949E-F8E2-4AC8-BFC1-CAA7CFE1AF89} = {2FA981F5-2A0E-42F4-8339-1C682BD92B6C}
		{70F9DBF9-6613-46DE-8852-C78C8DED7317} = {2FA981F5-2A0E-42F4-8339-1C682BD92B6C}
		{421CC0D8-284B-4D59-8DAD-DC476CE270EA} = {2FA981F5-2A0E-42F4-8339-1C682BD92B6C}
		{5F33D3C9-A0B0-4C0A-87CB-B3350D7A8F06} = {2FA981F5-2A0E-42F4-8339-1C682BD92B6C}
	EndGlobalSection
	GlobalSection(ExtensibilityGlobals) = postSolution
		SolutionGuid = {E5EB49C6-42E1-4805-960E-C32F1DAF13BF}
	EndGlobalSection
EndGlobal
